// !$*UTF8*$!
{
	archiveVersion = 1;
	classes = {
	};
	objectVersion = 46;
	objects = {

/* Begin PBXBuildFile section */
		040FC6181D2F8C50008AC7D3 /* RepliesTableViewCell.m in Sources */ = {isa = PBXBuildFile; fileRef = 040FC6161D2F8C50008AC7D3 /* RepliesTableViewCell.m */; };
		040FC6191D2F8C50008AC7D3 /* RepliesTableViewCell.xib in Resources */ = {isa = PBXBuildFile; fileRef = 040FC6171D2F8C50008AC7D3 /* RepliesTableViewCell.xib */; };
		0410FDC61D239D0A0080C4DC /* main.m in Sources */ = {isa = PBXBuildFile; fileRef = 0410FDC51D239D0A0080C4DC /* main.m */; };
		0410FDC91D239D0A0080C4DC /* AppDelegate.m in Sources */ = {isa = PBXBuildFile; fileRef = 0410FDC81D239D0A0080C4DC /* AppDelegate.m */; };
		0410FDD11D239D0A0080C4DC /* Assets.xcassets in Resources */ = {isa = PBXBuildFile; fileRef = 0410FDD01D239D0A0080C4DC /* Assets.xcassets */; };
		0410FDD41D239D0A0080C4DC /* LaunchScreen.storyboard in Resources */ = {isa = PBXBuildFile; fileRef = 0410FDD21D239D0A0080C4DC /* LaunchScreen.storyboard */; };
		0410FDDF1D239D0A0080C4DC /* v2exTests.m in Sources */ = {isa = PBXBuildFile; fileRef = 0410FDDE1D239D0A0080C4DC /* v2exTests.m */; };
		0410FDEA1D239D0A0080C4DC /* v2exUITests.m in Sources */ = {isa = PBXBuildFile; fileRef = 0410FDE91D239D0A0080C4DC /* v2exUITests.m */; };
		0445CAE61D2B8CD80068513A /* CZFPSLabel.m in Sources */ = {isa = PBXBuildFile; fileRef = 0445CAE51D2B8CD80068513A /* CZFPSLabel.m */; };
		04BEADA11D260FEE0058BF56 /* FeedEntity.m in Sources */ = {isa = PBXBuildFile; fileRef = 04BEADA01D260FEE0058BF56 /* FeedEntity.m */; };
		04BEADA41D2615AC0058BF56 /* CommonUtil.m in Sources */ = {isa = PBXBuildFile; fileRef = 04BEADA31D2615AC0058BF56 /* CommonUtil.m */; };
		04BEADAD1D264B260058BF56 /* NodeModel.m in Sources */ = {isa = PBXBuildFile; fileRef = 04BEADAC1D264B260058BF56 /* NodeModel.m */; };
		04BEADB01D264B300058BF56 /* MemberModel.m in Sources */ = {isa = PBXBuildFile; fileRef = 04BEADAF1D264B300058BF56 /* MemberModel.m */; };
		04D4D5F21D2DF1BC002DC19B /* DetailViewController.m in Sources */ = {isa = PBXBuildFile; fileRef = 04D4D5F01D2DF1BC002DC19B /* DetailViewController.m */; };
		04D4D5F31D2DF1BC002DC19B /* DetailViewController.xib in Resources */ = {isa = PBXBuildFile; fileRef = 04D4D5F11D2DF1BC002DC19B /* DetailViewController.xib */; };
		2E235570DEFDB772E022AC1E /* libPods-v2ex.a in Frameworks */ = {isa = PBXBuildFile; fileRef = B691E2FF96C807D19E869AF9 /* libPods-v2ex.a */; };
		4E138D8A1D255B3100AE5FF3 /* MainViewController.m in Sources */ = {isa = PBXBuildFile; fileRef = 4E138D831D255B3100AE5FF3 /* MainViewController.m */; };
		4E138D8B1D255B3100AE5FF3 /* MainViewController.xib in Resources */ = {isa = PBXBuildFile; fileRef = 4E138D841D255B3100AE5FF3 /* MainViewController.xib */; };
		4E138D941D255E1C00AE5FF3 /* BaseViewController.m in Sources */ = {isa = PBXBuildFile; fileRef = 4E138D931D255E1C00AE5FF3 /* BaseViewController.m */; };
		4E138D981D255E7700AE5FF3 /* LeftMenuViewController.m in Sources */ = {isa = PBXBuildFile; fileRef = 4E138D961D255E7700AE5FF3 /* LeftMenuViewController.m */; };
		4E138D991D255E7700AE5FF3 /* LeftMenuViewController.xib in Resources */ = {isa = PBXBuildFile; fileRef = 4E138D971D255E7700AE5FF3 /* LeftMenuViewController.xib */; };
		4E138D9D1D255E8E00AE5FF3 /* RightMenuViewController.m in Sources */ = {isa = PBXBuildFile; fileRef = 4E138D9B1D255E8E00AE5FF3 /* RightMenuViewController.m */; };
		4E138D9E1D255E8E00AE5FF3 /* RightMenuViewController.xib in Resources */ = {isa = PBXBuildFile; fileRef = 4E138D9C1D255E8E00AE5FF3 /* RightMenuViewController.xib */; };
		4E138DA41D25611600AE5FF3 /* MainTableViewCell.m in Sources */ = {isa = PBXBuildFile; fileRef = 4E138DA21D25611600AE5FF3 /* MainTableViewCell.m */; };
		4E138DA51D25611600AE5FF3 /* MainTableViewCell.xib in Resources */ = {isa = PBXBuildFile; fileRef = 4E138DA31D25611600AE5FF3 /* MainTableViewCell.xib */; };
		4E2C958A1D331C13002AC366 /* ContentTableViewCell.m in Sources */ = {isa = PBXBuildFile; fileRef = 4E2C95881D331C13002AC366 /* ContentTableViewCell.m */; };
		4E2C958B1D331C13002AC366 /* ContentTableViewCell.xib in Resources */ = {isa = PBXBuildFile; fileRef = 4E2C95891D331C13002AC366 /* ContentTableViewCell.xib */; };
/* End PBXBuildFile section */

/* Begin PBXContainerItemProxy section */
		0410FDDB1D239D0A0080C4DC /* PBXContainerItemProxy */ = {
			isa = PBXContainerItemProxy;
			containerPortal = 0410FDB91D239D0A0080C4DC /* Project object */;
			proxyType = 1;
			remoteGlobalIDString = 0410FDC01D239D0A0080C4DC;
			remoteInfo = v2ex;
		};
		0410FDE61D239D0A0080C4DC /* PBXContainerItemProxy */ = {
			isa = PBXContainerItemProxy;
			containerPortal = 0410FDB91D239D0A0080C4DC /* Project object */;
			proxyType = 1;
			remoteGlobalIDString = 0410FDC01D239D0A0080C4DC;
			remoteInfo = v2ex;
		};
/* End PBXContainerItemProxy section */

/* Begin PBXFileReference section */
		040FC6151D2F8C50008AC7D3 /* RepliesTableViewCell.h */ = {isa = PBXFileReference; fileEncoding = 4; lastKnownFileType = sourcecode.c.h; path = RepliesTableViewCell.h; sourceTree = "<group>"; };
		040FC6161D2F8C50008AC7D3 /* RepliesTableViewCell.m */ = {isa = PBXFileReference; fileEncoding = 4; lastKnownFileType = sourcecode.c.objc; path = RepliesTableViewCell.m; sourceTree = "<group>"; };
		040FC6171D2F8C50008AC7D3 /* RepliesTableViewCell.xib */ = {isa = PBXFileReference; fileEncoding = 4; lastKnownFileType = file.xib; path = RepliesTableViewCell.xib; sourceTree = "<group>"; };
		0410FDC11D239D0A0080C4DC /* v2ex.app */ = {isa = PBXFileReference; explicitFileType = wrapper.application; includeInIndex = 0; path = v2ex.app; sourceTree = BUILT_PRODUCTS_DIR; };
		0410FDC51D239D0A0080C4DC /* main.m */ = {isa = PBXFileReference; lastKnownFileType = sourcecode.c.objc; path = main.m; sourceTree = "<group>"; };
		0410FDC71D239D0A0080C4DC /* AppDelegate.h */ = {isa = PBXFileReference; lastKnownFileType = sourcecode.c.h; path = AppDelegate.h; sourceTree = "<group>"; };
		0410FDC81D239D0A0080C4DC /* AppDelegate.m */ = {isa = PBXFileReference; lastKnownFileType = sourcecode.c.objc; path = AppDelegate.m; sourceTree = "<group>"; };
		0410FDD01D239D0A0080C4DC /* Assets.xcassets */ = {isa = PBXFileReference; lastKnownFileType = folder.assetcatalog; path = Assets.xcassets; sourceTree = "<group>"; };
		0410FDD31D239D0A0080C4DC /* Base */ = {isa = PBXFileReference; lastKnownFileType = file.storyboard; name = Base; path = Base.lproj/LaunchScreen.storyboard; sourceTree = "<group>"; };
		0410FDD51D239D0A0080C4DC /* Info.plist */ = {isa = PBXFileReference; lastKnownFileType = text.plist.xml; path = Info.plist; sourceTree = "<group>"; };
		0410FDDA1D239D0A0080C4DC /* v2exTests.xctest */ = {isa = PBXFileReference; explicitFileType = wrapper.cfbundle; includeInIndex = 0; path = v2exTests.xctest; sourceTree = BUILT_PRODUCTS_DIR; };
		0410FDDE1D239D0A0080C4DC /* v2exTests.m */ = {isa = PBXFileReference; lastKnownFileType = sourcecode.c.objc; path = v2exTests.m; sourceTree = "<group>"; };
		0410FDE01D239D0A0080C4DC /* Info.plist */ = {isa = PBXFileReference; lastKnownFileType = text.plist.xml; path = Info.plist; sourceTree = "<group>"; };
		0410FDE51D239D0A0080C4DC /* v2exUITests.xctest */ = {isa = PBXFileReference; explicitFileType = wrapper.cfbundle; includeInIndex = 0; path = v2exUITests.xctest; sourceTree = BUILT_PRODUCTS_DIR; };
		0410FDE91D239D0A0080C4DC /* v2exUITests.m */ = {isa = PBXFileReference; lastKnownFileType = sourcecode.c.objc; path = v2exUITests.m; sourceTree = "<group>"; };
		0410FDEB1D239D0A0080C4DC /* Info.plist */ = {isa = PBXFileReference; lastKnownFileType = text.plist.xml; path = Info.plist; sourceTree = "<group>"; };
		0445CAE41D2B8CD80068513A /* CZFPSLabel.h */ = {isa = PBXFileReference; fileEncoding = 4; lastKnownFileType = sourcecode.c.h; path = CZFPSLabel.h; sourceTree = "<group>"; };
		0445CAE51D2B8CD80068513A /* CZFPSLabel.m */ = {isa = PBXFileReference; fileEncoding = 4; lastKnownFileType = sourcecode.c.objc; path = CZFPSLabel.m; sourceTree = "<group>"; };
		04BEAD9F1D260FEE0058BF56 /* FeedEntity.h */ = {isa = PBXFileReference; fileEncoding = 4; lastKnownFileType = sourcecode.c.h; path = FeedEntity.h; sourceTree = "<group>"; };
		04BEADA01D260FEE0058BF56 /* FeedEntity.m */ = {isa = PBXFileReference; fileEncoding = 4; lastKnownFileType = sourcecode.c.objc; path = FeedEntity.m; sourceTree = "<group>"; };
		04BEADA21D2615AC0058BF56 /* CommonUtil.h */ = {isa = PBXFileReference; fileEncoding = 4; lastKnownFileType = sourcecode.c.h; path = CommonUtil.h; sourceTree = "<group>"; };
		04BEADA31D2615AC0058BF56 /* CommonUtil.m */ = {isa = PBXFileReference; fileEncoding = 4; lastKnownFileType = sourcecode.c.objc; path = CommonUtil.m; sourceTree = "<group>"; };
		04BEADAB1D264B260058BF56 /* NodeModel.h */ = {isa = PBXFileReference; fileEncoding = 4; lastKnownFileType = sourcecode.c.h; path = NodeModel.h; sourceTree = "<group>"; };
		04BEADAC1D264B260058BF56 /* NodeModel.m */ = {isa = PBXFileReference; fileEncoding = 4; lastKnownFileType = sourcecode.c.objc; path = NodeModel.m; sourceTree = "<group>"; };
		04BEADAE1D264B300058BF56 /* MemberModel.h */ = {isa = PBXFileReference; fileEncoding = 4; lastKnownFileType = sourcecode.c.h; path = MemberModel.h; sourceTree = "<group>"; };
		04BEADAF1D264B300058BF56 /* MemberModel.m */ = {isa = PBXFileReference; fileEncoding = 4; lastKnownFileType = sourcecode.c.objc; path = MemberModel.m; sourceTree = "<group>"; };
		04BEADB11D26590A0058BF56 /* Consts.h */ = {isa = PBXFileReference; lastKnownFileType = sourcecode.c.h; path = Consts.h; sourceTree = "<group>"; };
		04D4D5EF1D2DF1BC002DC19B /* DetailViewController.h */ = {isa = PBXFileReference; fileEncoding = 4; lastKnownFileType = sourcecode.c.h; path = DetailViewController.h; sourceTree = "<group>"; };
		04D4D5F01D2DF1BC002DC19B /* DetailViewController.m */ = {isa = PBXFileReference; fileEncoding = 4; lastKnownFileType = sourcecode.c.objc; path = DetailViewController.m; sourceTree = "<group>"; };
		04D4D5F11D2DF1BC002DC19B /* DetailViewController.xib */ = {isa = PBXFileReference; fileEncoding = 4; lastKnownFileType = file.xib; path = DetailViewController.xib; sourceTree = "<group>"; };
		2E103AE33E32582A228905EF /* Pods-v2ex.debug.xcconfig */ = {isa = PBXFileReference; includeInIndex = 1; lastKnownFileType = text.xcconfig; name = "Pods-v2ex.debug.xcconfig"; path = "Pods/Target Support Files/Pods-v2ex/Pods-v2ex.debug.xcconfig"; sourceTree = "<group>"; };
		2F782EDFABF2C5278796AC09 /* Pods-v2ex.release.xcconfig */ = {isa = PBXFileReference; includeInIndex = 1; lastKnownFileType = text.xcconfig; name = "Pods-v2ex.release.xcconfig"; path = "Pods/Target Support Files/Pods-v2ex/Pods-v2ex.release.xcconfig"; sourceTree = "<group>"; };
		4E138D821D255B3100AE5FF3 /* MainViewController.h */ = {isa = PBXFileReference; fileEncoding = 4; lastKnownFileType = sourcecode.c.h; path = MainViewController.h; sourceTree = "<group>"; };
		4E138D831D255B3100AE5FF3 /* MainViewController.m */ = {isa = PBXFileReference; fileEncoding = 4; lastKnownFileType = sourcecode.c.objc; path = MainViewController.m; sourceTree = "<group>"; };
		4E138D841D255B3100AE5FF3 /* MainViewController.xib */ = {isa = PBXFileReference; fileEncoding = 4; lastKnownFileType = file.xib; path = MainViewController.xib; sourceTree = "<group>"; };
		4E138D921D255E1C00AE5FF3 /* BaseViewController.h */ = {isa = PBXFileReference; fileEncoding = 4; lastKnownFileType = sourcecode.c.h; path = BaseViewController.h; sourceTree = "<group>"; };
		4E138D931D255E1C00AE5FF3 /* BaseViewController.m */ = {isa = PBXFileReference; fileEncoding = 4; lastKnownFileType = sourcecode.c.objc; path = BaseViewController.m; sourceTree = "<group>"; };
		4E138D951D255E7700AE5FF3 /* LeftMenuViewController.h */ = {isa = PBXFileReference; fileEncoding = 4; lastKnownFileType = sourcecode.c.h; path = LeftMenuViewController.h; sourceTree = "<group>"; };
		4E138D961D255E7700AE5FF3 /* LeftMenuViewController.m */ = {isa = PBXFileReference; fileEncoding = 4; lastKnownFileType = sourcecode.c.objc; path = LeftMenuViewController.m; sourceTree = "<group>"; };
		4E138D971D255E7700AE5FF3 /* LeftMenuViewController.xib */ = {isa = PBXFileReference; fileEncoding = 4; lastKnownFileType = file.xib; path = LeftMenuViewController.xib; sourceTree = "<group>"; };
		4E138D9A1D255E8E00AE5FF3 /* RightMenuViewController.h */ = {isa = PBXFileReference; fileEncoding = 4; lastKnownFileType = sourcecode.c.h; path = RightMenuViewController.h; sourceTree = "<group>"; };
		4E138D9B1D255E8E00AE5FF3 /* RightMenuViewController.m */ = {isa = PBXFileReference; fileEncoding = 4; lastKnownFileType = sourcecode.c.objc; path = RightMenuViewController.m; sourceTree = "<group>"; };
		4E138D9C1D255E8E00AE5FF3 /* RightMenuViewController.xib */ = {isa = PBXFileReference; fileEncoding = 4; lastKnownFileType = file.xib; path = RightMenuViewController.xib; sourceTree = "<group>"; };
		4E138DA11D25611600AE5FF3 /* MainTableViewCell.h */ = {isa = PBXFileReference; fileEncoding = 4; lastKnownFileType = sourcecode.c.h; path = MainTableViewCell.h; sourceTree = "<group>"; };
		4E138DA21D25611600AE5FF3 /* MainTableViewCell.m */ = {isa = PBXFileReference; fileEncoding = 4; lastKnownFileType = sourcecode.c.objc; path = MainTableViewCell.m; sourceTree = "<group>"; };
		4E138DA31D25611600AE5FF3 /* MainTableViewCell.xib */ = {isa = PBXFileReference; fileEncoding = 4; lastKnownFileType = file.xib; path = MainTableViewCell.xib; sourceTree = "<group>"; };
		4E2C95871D331C13002AC366 /* ContentTableViewCell.h */ = {isa = PBXFileReference; fileEncoding = 4; lastKnownFileType = sourcecode.c.h; path = ContentTableViewCell.h; sourceTree = "<group>"; };
		4E2C95881D331C13002AC366 /* ContentTableViewCell.m */ = {isa = PBXFileReference; fileEncoding = 4; lastKnownFileType = sourcecode.c.objc; path = ContentTableViewCell.m; sourceTree = "<group>"; };
		4E2C95891D331C13002AC366 /* ContentTableViewCell.xib */ = {isa = PBXFileReference; fileEncoding = 4; lastKnownFileType = file.xib; path = ContentTableViewCell.xib; sourceTree = "<group>"; };
		B691E2FF96C807D19E869AF9 /* libPods-v2ex.a */ = {isa = PBXFileReference; explicitFileType = archive.ar; includeInIndex = 0; path = "libPods-v2ex.a"; sourceTree = BUILT_PRODUCTS_DIR; };
/* End PBXFileReference section */

/* Begin PBXFrameworksBuildPhase section */
		0410FDBE1D239D0A0080C4DC /* Frameworks */ = {
			isa = PBXFrameworksBuildPhase;
			buildActionMask = 2147483647;
			files = (
				2E235570DEFDB772E022AC1E /* libPods-v2ex.a in Frameworks */,
			);
			runOnlyForDeploymentPostprocessing = 0;
		};
		0410FDD71D239D0A0080C4DC /* Frameworks */ = {
			isa = PBXFrameworksBuildPhase;
			buildActionMask = 2147483647;
			files = (
			);
			runOnlyForDeploymentPostprocessing = 0;
		};
		0410FDE21D239D0A0080C4DC /* Frameworks */ = {
			isa = PBXFrameworksBuildPhase;
			buildActionMask = 2147483647;
			files = (
			);
			runOnlyForDeploymentPostprocessing = 0;
		};
/* End PBXFrameworksBuildPhase section */

/* Begin PBXGroup section */
		0410FDB81D239D0A0080C4DC = {
			isa = PBXGroup;
			children = (
				0410FDC31D239D0A0080C4DC /* v2ex */,
				0410FDDD1D239D0A0080C4DC /* v2exTests */,
				0410FDE81D239D0A0080C4DC /* v2exUITests */,
				0410FDC21D239D0A0080C4DC /* Products */,
				55D6F424DAB615B4F5C5960A /* Pods */,
				BB8B41605DB96A2C6AB479F3 /* Frameworks */,
			);
			sourceTree = "<group>";
		};
		0410FDC21D239D0A0080C4DC /* Products */ = {
			isa = PBXGroup;
			children = (
				0410FDC11D239D0A0080C4DC /* v2ex.app */,
				0410FDDA1D239D0A0080C4DC /* v2exTests.xctest */,
				0410FDE51D239D0A0080C4DC /* v2exUITests.xctest */,
			);
			name = Products;
			sourceTree = "<group>";
		};
		0410FDC31D239D0A0080C4DC /* v2ex */ = {
			isa = PBXGroup;
			children = (
				4E138D8F1D255DED00AE5FF3 /* Custom */,
				4E138D901D255DED00AE5FF3 /* Left */,
				4E138D911D255DED00AE5FF3 /* Right */,
				4E138D7E1D255B3100AE5FF3 /* Main */,
				0410FDC71D239D0A0080C4DC /* AppDelegate.h */,
				0410FDC81D239D0A0080C4DC /* AppDelegate.m */,
				0410FDD01D239D0A0080C4DC /* Assets.xcassets */,
				0410FDD21D239D0A0080C4DC /* LaunchScreen.storyboard */,
				0410FDD51D239D0A0080C4DC /* Info.plist */,
				0410FDC41D239D0A0080C4DC /* Supporting Files */,
			);
			path = v2ex;
			sourceTree = "<group>";
		};
		0410FDC41D239D0A0080C4DC /* Supporting Files */ = {
			isa = PBXGroup;
			children = (
				0410FDC51D239D0A0080C4DC /* main.m */,
			);
			name = "Supporting Files";
			sourceTree = "<group>";
		};
		0410FDDD1D239D0A0080C4DC /* v2exTests */ = {
			isa = PBXGroup;
			children = (
				0410FDDE1D239D0A0080C4DC /* v2exTests.m */,
				0410FDE01D239D0A0080C4DC /* Info.plist */,
			);
			path = v2exTests;
			sourceTree = "<group>";
		};
		0410FDE81D239D0A0080C4DC /* v2exUITests */ = {
			isa = PBXGroup;
			children = (
				0410FDE91D239D0A0080C4DC /* v2exUITests.m */,
				0410FDEB1D239D0A0080C4DC /* Info.plist */,
			);
			path = v2exUITests;
			sourceTree = "<group>";
		};
		4E138D7E1D255B3100AE5FF3 /* Main */ = {
			isa = PBXGroup;
			children = (
				4E138D821D255B3100AE5FF3 /* MainViewController.h */,
				4E138D831D255B3100AE5FF3 /* MainViewController.m */,
				4E138D841D255B3100AE5FF3 /* MainViewController.xib */,
				04D4D5EF1D2DF1BC002DC19B /* DetailViewController.h */,
				04D4D5F01D2DF1BC002DC19B /* DetailViewController.m */,
				04D4D5F11D2DF1BC002DC19B /* DetailViewController.xib */,
				4E138D8E1D255D1000AE5FF3 /* Cell */,
			);
			path = Main;
			sourceTree = "<group>";
		};
		4E138D8E1D255D1000AE5FF3 /* Cell */ = {
			isa = PBXGroup;
			children = (
				4E138DA11D25611600AE5FF3 /* MainTableViewCell.h */,
				4E138DA21D25611600AE5FF3 /* MainTableViewCell.m */,
				4E138DA31D25611600AE5FF3 /* MainTableViewCell.xib */,
				040FC6151D2F8C50008AC7D3 /* RepliesTableViewCell.h */,
				040FC6161D2F8C50008AC7D3 /* RepliesTableViewCell.m */,
				040FC6171D2F8C50008AC7D3 /* RepliesTableViewCell.xib */,
				4E2C95871D331C13002AC366 /* ContentTableViewCell.h */,
				4E2C95881D331C13002AC366 /* ContentTableViewCell.m */,
				4E2C95891D331C13002AC366 /* ContentTableViewCell.xib */,
			);
			path = Cell;
			sourceTree = "<group>";
		};
		4E138D8F1D255DED00AE5FF3 /* Custom */ = {
			isa = PBXGroup;
			children = (
				4E138D921D255E1C00AE5FF3 /* BaseViewController.h */,
				4E138D931D255E1C00AE5FF3 /* BaseViewController.m */,
				04BEAD9F1D260FEE0058BF56 /* FeedEntity.h */,
				04BEADA01D260FEE0058BF56 /* FeedEntity.m */,
				04BEADAE1D264B300058BF56 /* MemberModel.h */,
				04BEADAF1D264B300058BF56 /* MemberModel.m */,
				04BEADAB1D264B260058BF56 /* NodeModel.h */,
				04BEADAC1D264B260058BF56 /* NodeModel.m */,
				04BEADA21D2615AC0058BF56 /* CommonUtil.h */,
				04BEADA31D2615AC0058BF56 /* CommonUtil.m */,
				0445CAE41D2B8CD80068513A /* CZFPSLabel.h */,
				0445CAE51D2B8CD80068513A /* CZFPSLabel.m */,
				04BEADB11D26590A0058BF56 /* Consts.h */,
			);
			path = Custom;
			sourceTree = "<group>";
		};
		4E138D901D255DED00AE5FF3 /* Left */ = {
			isa = PBXGroup;
			children = (
				4E138D951D255E7700AE5FF3 /* LeftMenuViewController.h */,
				4E138D961D255E7700AE5FF3 /* LeftMenuViewController.m */,
				4E138D971D255E7700AE5FF3 /* LeftMenuViewController.xib */,
			);
			path = Left;
			sourceTree = "<group>";
		};
		4E138D911D255DED00AE5FF3 /* Right */ = {
			isa = PBXGroup;
			children = (
				4E138D9A1D255E8E00AE5FF3 /* RightMenuViewController.h */,
				4E138D9B1D255E8E00AE5FF3 /* RightMenuViewController.m */,
				4E138D9C1D255E8E00AE5FF3 /* RightMenuViewController.xib */,
			);
			path = Right;
			sourceTree = "<group>";
		};
		55D6F424DAB615B4F5C5960A /* Pods */ = {
			isa = PBXGroup;
			children = (
				2E103AE33E32582A228905EF /* Pods-v2ex.debug.xcconfig */,
				2F782EDFABF2C5278796AC09 /* Pods-v2ex.release.xcconfig */,
			);
			name = Pods;
			sourceTree = "<group>";
		};
		BB8B41605DB96A2C6AB479F3 /* Frameworks */ = {
			isa = PBXGroup;
			children = (
				B691E2FF96C807D19E869AF9 /* libPods-v2ex.a */,
			);
			name = Frameworks;
			sourceTree = "<group>";
		};
/* End PBXGroup section */

/* Begin PBXNativeTarget section */
		0410FDC01D239D0A0080C4DC /* v2ex */ = {
			isa = PBXNativeTarget;
			buildConfigurationList = 0410FDEE1D239D0A0080C4DC /* Build configuration list for PBXNativeTarget "v2ex" */;
			buildPhases = (
				6C1A7998664180DEA0637171 /* Check Pods Manifest.lock */,
				0410FDBD1D239D0A0080C4DC /* Sources */,
				0410FDBE1D239D0A0080C4DC /* Frameworks */,
				0410FDBF1D239D0A0080C4DC /* Resources */,
				5AB81F9D0AD5641FEC536B05 /* Embed Pods Frameworks */,
				DBF23E1333A8F75995C9C23E /* Copy Pods Resources */,
			);
			buildRules = (
			);
			dependencies = (
			);
			name = v2ex;
			productName = v2ex;
			productReference = 0410FDC11D239D0A0080C4DC /* v2ex.app */;
			productType = "com.apple.product-type.application";
		};
		0410FDD91D239D0A0080C4DC /* v2exTests */ = {
			isa = PBXNativeTarget;
			buildConfigurationList = 0410FDF11D239D0A0080C4DC /* Build configuration list for PBXNativeTarget "v2exTests" */;
			buildPhases = (
				0410FDD61D239D0A0080C4DC /* Sources */,
				0410FDD71D239D0A0080C4DC /* Frameworks */,
				0410FDD81D239D0A0080C4DC /* Resources */,
			);
			buildRules = (
			);
			dependencies = (
				0410FDDC1D239D0A0080C4DC /* PBXTargetDependency */,
			);
			name = v2exTests;
			productName = v2exTests;
			productReference = 0410FDDA1D239D0A0080C4DC /* v2exTests.xctest */;
			productType = "com.apple.product-type.bundle.unit-test";
		};
		0410FDE41D239D0A0080C4DC /* v2exUITests */ = {
			isa = PBXNativeTarget;
			buildConfigurationList = 0410FDF41D239D0A0080C4DC /* Build configuration list for PBXNativeTarget "v2exUITests" */;
			buildPhases = (
				0410FDE11D239D0A0080C4DC /* Sources */,
				0410FDE21D239D0A0080C4DC /* Frameworks */,
				0410FDE31D239D0A0080C4DC /* Resources */,
			);
			buildRules = (
			);
			dependencies = (
				0410FDE71D239D0A0080C4DC /* PBXTargetDependency */,
			);
			name = v2exUITests;
			productName = v2exUITests;
			productReference = 0410FDE51D239D0A0080C4DC /* v2exUITests.xctest */;
			productType = "com.apple.product-type.bundle.ui-testing";
		};
/* End PBXNativeTarget section */

/* Begin PBXProject section */
		0410FDB91D239D0A0080C4DC /* Project object */ = {
			isa = PBXProject;
			attributes = {
				LastUpgradeCheck = 0730;
				ORGANIZATIONNAME = chenzuo;
				TargetAttributes = {
					0410FDC01D239D0A0080C4DC = {
						CreatedOnToolsVersion = 7.3.1;
					};
					0410FDD91D239D0A0080C4DC = {
						CreatedOnToolsVersion = 7.3.1;
						TestTargetID = 0410FDC01D239D0A0080C4DC;
					};
					0410FDE41D239D0A0080C4DC = {
						CreatedOnToolsVersion = 7.3.1;
						TestTargetID = 0410FDC01D239D0A0080C4DC;
					};
				};
			};
			buildConfigurationList = 0410FDBC1D239D0A0080C4DC /* Build configuration list for PBXProject "v2ex" */;
			compatibilityVersion = "Xcode 3.2";
			developmentRegion = English;
			hasScannedForEncodings = 0;
			knownRegions = (
				en,
				Base,
			);
			mainGroup = 0410FDB81D239D0A0080C4DC;
			productRefGroup = 0410FDC21D239D0A0080C4DC /* Products */;
			projectDirPath = "";
			projectRoot = "";
			targets = (
				0410FDC01D239D0A0080C4DC /* v2ex */,
				0410FDD91D239D0A0080C4DC /* v2exTests */,
				0410FDE41D239D0A0080C4DC /* v2exUITests */,
			);
		};
/* End PBXProject section */

/* Begin PBXResourcesBuildPhase section */
		0410FDBF1D239D0A0080C4DC /* Resources */ = {
			isa = PBXResourcesBuildPhase;
			buildActionMask = 2147483647;
			files = (
				040FC6191D2F8C50008AC7D3 /* RepliesTableViewCell.xib in Resources */,
				4E138DA51D25611600AE5FF3 /* MainTableViewCell.xib in Resources */,
				0410FDD41D239D0A0080C4DC /* LaunchScreen.storyboard in Resources */,
				04D4D5F31D2DF1BC002DC19B /* DetailViewController.xib in Resources */,
				0410FDD11D239D0A0080C4DC /* Assets.xcassets in Resources */,
				4E138D991D255E7700AE5FF3 /* LeftMenuViewController.xib in Resources */,
				4E2C958B1D331C13002AC366 /* ContentTableViewCell.xib in Resources */,
				4E138D9E1D255E8E00AE5FF3 /* RightMenuViewController.xib in Resources */,
				4E138D8B1D255B3100AE5FF3 /* MainViewController.xib in Resources */,
			);
			runOnlyForDeploymentPostprocessing = 0;
		};
		0410FDD81D239D0A0080C4DC /* Resources */ = {
			isa = PBXResourcesBuildPhase;
			buildActionMask = 2147483647;
			files = (
			);
			runOnlyForDeploymentPostprocessing = 0;
		};
		0410FDE31D239D0A0080C4DC /* Resources */ = {
			isa = PBXResourcesBuildPhase;
			buildActionMask = 2147483647;
			files = (
			);
			runOnlyForDeploymentPostprocessing = 0;
		};
/* End PBXResourcesBuildPhase section */

/* Begin PBXShellScriptBuildPhase section */
		5AB81F9D0AD5641FEC536B05 /* Embed Pods Frameworks */ = {
			isa = PBXShellScriptBuildPhase;
			buildActionMask = 2147483647;
			files = (
			);
			inputPaths = (
			);
			name = "Embed Pods Frameworks";
			outputPaths = (
			);
			runOnlyForDeploymentPostprocessing = 0;
			shellPath = /bin/sh;
			shellScript = "\"${SRCROOT}/Pods/Target Support Files/Pods-v2ex/Pods-v2ex-frameworks.sh\"\n";
			showEnvVarsInLog = 0;
		};
		6C1A7998664180DEA0637171 /* Check Pods Manifest.lock */ = {
			isa = PBXShellScriptBuildPhase;
			buildActionMask = 2147483647;
			files = (
			);
			inputPaths = (
			);
			name = "Check Pods Manifest.lock";
			outputPaths = (
			);
			runOnlyForDeploymentPostprocessing = 0;
			shellPath = /bin/sh;
			shellScript = "diff \"${PODS_ROOT}/../Podfile.lock\" \"${PODS_ROOT}/Manifest.lock\" > /dev/null\nif [[ $? != 0 ]] ; then\n    cat << EOM\nerror: The sandbox is not in sync with the Podfile.lock. Run 'pod install' or update your CocoaPods installation.\nEOM\n    exit 1\nfi\n";
			showEnvVarsInLog = 0;
		};
		DBF23E1333A8F75995C9C23E /* Copy Pods Resources */ = {
			isa = PBXShellScriptBuildPhase;
			buildActionMask = 2147483647;
			files = (
			);
			inputPaths = (
			);
			name = "Copy Pods Resources";
			outputPaths = (
			);
			runOnlyForDeploymentPostprocessing = 0;
			shellPath = /bin/sh;
			shellScript = "\"${SRCROOT}/Pods/Target Support Files/Pods-v2ex/Pods-v2ex-resources.sh\"\n";
			showEnvVarsInLog = 0;
		};
/* End PBXShellScriptBuildPhase section */

/* Begin PBXSourcesBuildPhase section */
		0410FDBD1D239D0A0080C4DC /* Sources */ = {
			isa = PBXSourcesBuildPhase;
			buildActionMask = 2147483647;
			files = (
				040FC6181D2F8C50008AC7D3 /* RepliesTableViewCell.m in Sources */,
				04BEADA11D260FEE0058BF56 /* FeedEntity.m in Sources */,
				0410FDC91D239D0A0080C4DC /* AppDelegate.m in Sources */,
				4E138D8A1D255B3100AE5FF3 /* MainViewController.m in Sources */,
				4E138DA41D25611600AE5FF3 /* MainTableViewCell.m in Sources */,
				04BEADA41D2615AC0058BF56 /* CommonUtil.m in Sources */,
				4E138D981D255E7700AE5FF3 /* LeftMenuViewController.m in Sources */,
				4E138D941D255E1C00AE5FF3 /* BaseViewController.m in Sources */,
				4E138D9D1D255E8E00AE5FF3 /* RightMenuViewController.m in Sources */,
				4E2C958A1D331C13002AC366 /* ContentTableViewCell.m in Sources */,
				0410FDC61D239D0A0080C4DC /* main.m in Sources */,
				04D4D5F21D2DF1BC002DC19B /* DetailViewController.m in Sources */,
				0445CAE61D2B8CD80068513A /* CZFPSLabel.m in Sources */,
				04BEADB01D264B300058BF56 /* MemberModel.m in Sources */,
				04BEADAD1D264B260058BF56 /* NodeModel.m in Sources */,
			);
			runOnlyForDeploymentPostprocessing = 0;
		};
		0410FDD61D239D0A0080C4DC /* Sources */ = {
			isa = PBXSourcesBuildPhase;
			buildActionMask = 2147483647;
			files = (
				0410FDDF1D239D0A0080C4DC /* v2exTests.m in Sources */,
			);
			runOnlyForDeploymentPostprocessing = 0;
		};
		0410FDE11D239D0A0080C4DC /* Sources */ = {
			isa = PBXSourcesBuildPhase;
			buildActionMask = 2147483647;
			files = (
				0410FDEA1D239D0A0080C4DC /* v2exUITests.m in Sources */,
			);
			runOnlyForDeploymentPostprocessing = 0;
		};
/* End PBXSourcesBuildPhase section */

/* Begin PBXTargetDependency section */
		0410FDDC1D239D0A0080C4DC /* PBXTargetDependency */ = {
			isa = PBXTargetDependency;
			target = 0410FDC01D239D0A0080C4DC /* v2ex */;
			targetProxy = 0410FDDB1D239D0A0080C4DC /* PBXContainerItemProxy */;
		};
		0410FDE71D239D0A0080C4DC /* PBXTargetDependency */ = {
			isa = PBXTargetDependency;
			target = 0410FDC01D239D0A0080C4DC /* v2ex */;
			targetProxy = 0410FDE61D239D0A0080C4DC /* PBXContainerItemProxy */;
		};
/* End PBXTargetDependency section */

/* Begin PBXVariantGroup section */
		0410FDD21D239D0A0080C4DC /* LaunchScreen.storyboard */ = {
			isa = PBXVariantGroup;
			children = (
				0410FDD31D239D0A0080C4DC /* Base */,
			);
			name = LaunchScreen.storyboard;
			sourceTree = "<group>";
		};
/* End PBXVariantGroup section */

/* Begin XCBuildConfiguration section */
		0410FDEC1D239D0A0080C4DC /* Debug */ = {
			isa = XCBuildConfiguration;
			buildSettings = {
				ALWAYS_SEARCH_USER_PATHS = NO;
				CLANG_ANALYZER_NONNULL = YES;
				CLANG_CXX_LANGUAGE_STANDARD = "gnu++0x";
				CLANG_CXX_LIBRARY = "libc++";
				CLANG_ENABLE_MODULES = YES;
				CLANG_ENABLE_OBJC_ARC = YES;
				CLANG_WARN_BOOL_CONVERSION = YES;
				CLANG_WARN_CONSTANT_CONVERSION = YES;
				CLANG_WARN_DIRECT_OBJC_ISA_USAGE = YES_ERROR;
				CLANG_WARN_EMPTY_BODY = YES;
				CLANG_WARN_ENUM_CONVERSION = YES;
				CLANG_WARN_INT_CONVERSION = YES;
				CLANG_WARN_OBJC_ROOT_CLASS = YES_ERROR;
				CLANG_WARN_UNREACHABLE_CODE = YES;
				CLANG_WARN__DUPLICATE_METHOD_MATCH = YES;
				"CODE_SIGN_IDENTITY[sdk=iphoneos*]" = "iPhone Developer";
				COPY_PHASE_STRIP = NO;
				DEBUG_INFORMATION_FORMAT = dwarf;
				ENABLE_STRICT_OBJC_MSGSEND = YES;
				ENABLE_TESTABILITY = YES;
				GCC_C_LANGUAGE_STANDARD = gnu99;
				GCC_DYNAMIC_NO_PIC = NO;
				GCC_NO_COMMON_BLOCKS = YES;
				GCC_OPTIMIZATION_LEVEL = 0;
				GCC_PREPROCESSOR_DEFINITIONS = (
					"DEBUG=1",
					"$(inherited)",
				);
				GCC_WARN_64_TO_32_BIT_CONVERSION = YES;
				GCC_WARN_ABOUT_RETURN_TYPE = YES_ERROR;
				GCC_WARN_UNDECLARED_SELECTOR = YES;
				GCC_WARN_UNINITIALIZED_AUTOS = YES_AGGRESSIVE;
				GCC_WARN_UNUSED_FUNCTION = YES;
				GCC_WARN_UNUSED_VARIABLE = YES;
				IPHONEOS_DEPLOYMENT_TARGET = 9.3;
				MTL_ENABLE_DEBUG_INFO = YES;
				ONLY_ACTIVE_ARCH = YES;
				SDKROOT = iphoneos;
				TARGETED_DEVICE_FAMILY = "1,2";
			};
			name = Debug;
		};
		0410FDED1D239D0A0080C4DC /* Release */ = {
			isa = XCBuildConfiguration;
			buildSettings = {
				ALWAYS_SEARCH_USER_PATHS = NO;
				CLANG_ANALYZER_NONNULL = YES;
				CLANG_CXX_LANGUAGE_STANDARD = "gnu++0x";
				CLANG_CXX_LIBRARY = "libc++";
				CLANG_ENABLE_MODULES = YES;
				CLANG_ENABLE_OBJC_ARC = YES;
				CLANG_WARN_BOOL_CONVERSION = YES;
				CLANG_WARN_CONSTANT_CONVERSION = YES;
				CLANG_WARN_DIRECT_OBJC_ISA_USAGE = YES_ERROR;
				CLANG_WARN_EMPTY_BODY = YES;
				CLANG_WARN_ENUM_CONVERSION = YES;
				CLANG_WARN_INT_CONVERSION = YES;
				CLANG_WARN_OBJC_ROOT_CLASS = YES_ERROR;
				CLANG_WARN_UNREACHABLE_CODE = YES;
				CLANG_WARN__DUPLICATE_METHOD_MATCH = YES;
				"CODE_SIGN_IDENTITY[sdk=iphoneos*]" = "iPhone Developer";
				COPY_PHASE_STRIP = NO;
				DEBUG_INFORMATION_FORMAT = "dwarf-with-dsym";
				ENABLE_NS_ASSERTIONS = NO;
				ENABLE_STRICT_OBJC_MSGSEND = YES;
				GCC_C_LANGUAGE_STANDARD = gnu99;
				GCC_NO_COMMON_BLOCKS = YES;
				GCC_WARN_64_TO_32_BIT_CONVERSION = YES;
				GCC_WARN_ABOUT_RETURN_TYPE = YES_ERROR;
				GCC_WARN_UNDECLARED_SELECTOR = YES;
				GCC_WARN_UNINITIALIZED_AUTOS = YES_AGGRESSIVE;
				GCC_WARN_UNUSED_FUNCTION = YES;
				GCC_WARN_UNUSED_VARIABLE = YES;
				IPHONEOS_DEPLOYMENT_TARGET = 9.3;
				MTL_ENABLE_DEBUG_INFO = NO;
				SDKROOT = iphoneos;
				TARGETED_DEVICE_FAMILY = "1,2";
				VALIDATE_PRODUCT = YES;
			};
			name = Release;
		};
		0410FDEF1D239D0A0080C4DC /* Debug */ = {
			isa = XCBuildConfiguration;
			baseConfigurationReference = 2E103AE33E32582A228905EF /* Pods-v2ex.debug.xcconfig */;
			buildSettings = {
				ASSETCATALOG_COMPILER_APPICON_NAME = AppIcon;
				CODE_SIGN_IDENTITY = "";
				INFOPLIST_FILE = v2ex/Info.plist;
				LD_RUNPATH_SEARCH_PATHS = "$(inherited) @executable_path/Frameworks";
				PRODUCT_BUNDLE_IDENTIFIER = chenzuo.v2ex;
				PRODUCT_NAME = "$(TARGET_NAME)";
				PROVISIONING_PROFILE = "d1980c79-4b53-4de2-84aa-b7d39bc9a2e5";
			};
			name = Debug;
		};
		0410FDF01D239D0A0080C4DC /* Release */ = {
			isa = XCBuildConfiguration;
			baseConfigurationReference = 2F782EDFABF2C5278796AC09 /* Pods-v2ex.release.xcconfig */;
			buildSettings = {
				ASSETCATALOG_COMPILER_APPICON_NAME = AppIcon;
				CODE_SIGN_IDENTITY = "";
				INFOPLIST_FILE = v2ex/Info.plist;
				LD_RUNPATH_SEARCH_PATHS = "$(inherited) @executable_path/Frameworks";
				PRODUCT_BUNDLE_IDENTIFIER = chenzuo.v2ex;
				PRODUCT_NAME = "$(TARGET_NAME)";
				PROVISIONING_PROFILE = "d1980c79-4b53-4de2-84aa-b7d39bc9a2e5";
			};
			name = Release;
		};
		0410FDF21D239D0A0080C4DC /* Debug */ = {
			isa = XCBuildConfiguration;
			buildSettings = {
				BUNDLE_LOADER = "$(TEST_HOST)";
				INFOPLIST_FILE = v2exTests/Info.plist;
				LD_RUNPATH_SEARCH_PATHS = "$(inherited) @executable_path/Frameworks @loader_path/Frameworks";
				PRODUCT_BUNDLE_IDENTIFIER = chenzuo.v2exTests;
				PRODUCT_NAME = "$(TARGET_NAME)";
				TEST_HOST = "$(BUILT_PRODUCTS_DIR)/v2ex.app/v2ex";
			};
			name = Debug;
		};
		0410FDF31D239D0A0080C4DC /* Release */ = {
			isa = XCBuildConfiguration;
			buildSettings = {
				BUNDLE_LOADER = "$(TEST_HOST)";
				INFOPLIST_FILE = v2exTests/Info.plist;
				LD_RUNPATH_SEARCH_PATHS = "$(inherited) @executable_path/Frameworks @loader_path/Frameworks";
				PRODUCT_BUNDLE_IDENTIFIER = chenzuo.v2exTests;
				PRODUCT_NAME = "$(TARGET_NAME)";
				TEST_HOST = "$(BUILT_PRODUCTS_DIR)/v2ex.app/v2ex";
			};
			name = Release;
		};
		0410FDF51D239D0A0080C4DC /* Debug */ = {
			isa = XCBuildConfiguration;
			buildSettings = {
				INFOPLIST_FILE = v2exUITests/Info.plist;
				LD_RUNPATH_SEARCH_PATHS = "$(inherited) @executable_path/Frameworks @loader_path/Frameworks";
				PRODUCT_BUNDLE_IDENTIFIER = chenzuo.v2exUITests;
				PRODUCT_NAME = "$(TARGET_NAME)";
				TEST_TARGET_NAME = v2ex;
			};
			name = Debug;
		};
		0410FDF61D239D0A0080C4DC /* Release */ = {
			isa = XCBuildConfiguration;
			buildSettings = {
				INFOPLIST_FILE = v2exUITests/Info.plist;
				LD_RUNPATH_SEARCH_PATHS = "$(inherited) @executable_path/Frameworks @loader_path/Frameworks";
				PRODUCT_BUNDLE_IDENTIFIER = chenzuo.v2exUITests;
				PRODUCT_NAME = "$(TARGET_NAME)";
				TEST_TARGET_NAME = v2ex;
			};
			name = Release;
		};
/* End XCBuildConfiguration section */

/* Begin XCConfigurationList section */
		0410FDBC1D239D0A0080C4DC /* Build configuration list for PBXProject "v2ex" */ = {
			isa = XCConfigurationList;
			buildConfigurations = (
				0410FDEC1D239D0A0080C4DC /* Debug */,
				0410FDED1D239D0A0080C4DC /* Release */,
			);
			defaultConfigurationIsVisible = 0;
			defaultConfigurationName = Release;
		};
		0410FDEE1D239D0A0080C4DC /* Build configuration list for PBXNativeTarget "v2ex" */ = {
			isa = XCConfigurationList;
			buildConfigurations = (
				0410FDEF1D239D0A0080C4DC /* Debug */,
				0410FDF01D239D0A0080C4DC /* Release */,
			);
			defaultConfigurationIsVisible = 0;
			defaultConfigurationName = Release;
		};
		0410FDF11D239D0A0080C4DC /* Build configuration list for PBXNativeTarget "v2exTests" */ = {
			isa = XCConfigurationList;
			buildConfigurations = (
				0410FDF21D239D0A0080C4DC /* Debug */,
				0410FDF31D239D0A0080C4DC /* Release */,
			);
			defaultConfigurationIsVisible = 0;
			defaultConfigurationName = Release;
		};
		0410FDF41D239D0A0080C4DC /* Build configuration list for PBXNativeTarget "v2exUITests" */ = {
			isa = XCConfigurationList;
			buildConfigurations = (
				0410FDF51D239D0A0080C4DC /* Debug */,
				0410FDF61D239D0A0080C4DC /* Release */,
			);
			defaultConfigurationIsVisible = 0;
			defaultConfigurationName = Release;
		};
/* End XCConfigurationList section */
	};
	rootObject = 0410FDB91D239D0A0080C4DC /* Project object */;
}
